
Microsoft Visual Studio Solution File, Format Version 12.00
# Visual Studio 15
VisualStudioVersion = 15.0.28010.2036
MinimumVisualStudioVersion = 10.0.40219.1
Project("{FAE04EC0-301F-11D3-BF4B-00C04F79EFBC}") = "Speisekarte", "Speisekarte\Speisekarte.csproj", "{823F12B1-88EA-4518-96C9-02204ECD659B}"
EndProject
Global
	GlobalSection(SolutionConfigurationPlatforms) = preSolution
		Debug|Any CPU = Debug|Any CPU
		Release|Any CPU = Release|Any CPU
	EndGlobalSection
	GlobalSection(ProjectConfigurationPlatforms) = postSolution
		{823F12B1-88EA-4518-96C9-02204ECD659B}.Debug|Any CPU.ActiveCfg = Debug|Any CPU
		{823F12B1-88EA-4518-96C9-02204ECD659B}.Debug|Any CPU.Build.0 = Debug|Any CPU
		{823F12B1-88EA-4518-96C9-02204ECD659B}.Release|Any CPU.ActiveCfg = Release|Any CPU
		{823F12B1-88EA-4518-96C9-02204ECD659B}.Release|Any CPU.Build.0 = Release|Any CPU
	EndGlobalSection
	GlobalSection(SolutionProperties) = preSolution
		HideSolutionNode = FALSE
	EndGlobalSection
	GlobalSection(ExtensibilityGlobals) = postSolution
		SolutionGuid = {317D7AAC-CB36-4555-9A60-1AD707C243F6}
	EndGlobalSection
EndGlobal
